// !$*UTF8*$!
{
	archiveVersion = 1;
	classes = {
	};
	objectVersion = 46;
	objects = {

/* Begin PBXBuildFile section */
		E76514141EDEA0F800D32BF5 /* main.m in Sources */ = {isa = PBXBuildFile; fileRef = E76514131EDEA0F800D32BF5 /* main.m */; };
		E76514171EDEA0F800D32BF5 /* AppDelegate.m in Sources */ = {isa = PBXBuildFile; fileRef = E76514161EDEA0F800D32BF5 /* AppDelegate.m */; };
		E765141A1EDEA0F800D32BF5 /* ViewController.m in Sources */ = {isa = PBXBuildFile; fileRef = E76514191EDEA0F800D32BF5 /* ViewController.m */; };
		E765141D1EDEA0F900D32BF5 /* Main.storyboard in Resources */ = {isa = PBXBuildFile; fileRef = E765141B1EDEA0F900D32BF5 /* Main.storyboard */; };
		E765141F1EDEA0F900D32BF5 /* Assets.xcassets in Resources */ = {isa = PBXBuildFile; fileRef = E765141E1EDEA0F900D32BF5 /* Assets.xcassets */; };
		E76514221EDEA0F900D32BF5 /* LaunchScreen.storyboard in Resources */ = {isa = PBXBuildFile; fileRef = E76514201EDEA0F900D32BF5 /* LaunchScreen.storyboard */; };
		E765142B1EDEA10000D32BF5 /* LocationConverter.m in Sources */ = {isa = PBXBuildFile; fileRef = E765142A1EDEA10000D32BF5 /* LocationConverter.m */; };
/* End PBXBuildFile section */

/* Begin PBXFileReference section */
		E765140F1EDEA0F800D32BF5 /* 地图坐标转化.app */ = {isa = PBXFileReference; explicitFileType = wrapper.application; includeInIndex = 0; path = "地图坐标转化.app"; sourceTree = BUILT_PRODUCTS_DIR; };
		E76514131EDEA0F800D32BF5 /* main.m */ = {isa = PBXFileReference; lastKnownFileType = sourcecode.c.objc; path = main.m; sourceTree = "<group>"; };
		E76514151EDEA0F800D32BF5 /* AppDelegate.h */ = {isa = PBXFileReference; lastKnownFileType = sourcecode.c.h; path = AppDelegate.h; sourceTree = "<group>"; };
		E76514161EDEA0F800D32BF5 /* AppDelegate.m */ = {isa = PBXFileReference; lastKnownFileType = sourcecode.c.objc; path = AppDelegate.m; sourceTree = "<group>"; };
		E76514181EDEA0F800D32BF5 /* ViewController.h */ = {isa = PBXFileReference; lastKnownFileType = sourcecode.c.h; path = ViewController.h; sourceTree = "<group>"; };
		E76514191EDEA0F800D32BF5 /* ViewController.m */ = {isa = PBXFileReference; lastKnownFileType = sourcecode.c.objc; path = ViewController.m; sourceTree = "<group>"; };
		E765141C1EDEA0F900D32BF5 /* Base */ = {isa = PBXFileReference; lastKnownFileType = file.storyboard; name = Base; path = Base.lproj/Main.storyboard; sourceTree = "<group>"; };
		E765141E1EDEA0F900D32BF5 /* Assets.xcassets */ = {isa = PBXFileReference; lastKnownFileType = folder.assetcatalog; path = Assets.xcassets; sourceTree = "<group>"; };
		E76514211EDEA0F900D32BF5 /* Base */ = {isa = PBXFileReference; lastKnownFileType = file.storyboard; name = Base; path = Base.lproj/LaunchScreen.storyboard; sourceTree = "<group>"; };
		E76514231EDEA0F900D32BF5 /* Info.plist */ = {isa = PBXFileReference; lastKnownFileType = text.plist.xml; path = Info.plist; sourceTree = "<group>"; };
		E76514291EDEA10000D32BF5 /* LocationConverter.h */ = {isa = PBXFileReference; fileEncoding = 4; lastKnownFileType = sourcecode.c.h; path = LocationConverter.h; sourceTree = "<group>"; };
		E765142A1EDEA10000D32BF5 /* LocationConverter.m */ = {isa = PBXFileReference; fileEncoding = 4; lastKnownFileType = sourcecode.c.objc; path = LocationConverter.m; sourceTree = "<group>"; };
/* End PBXFileReference section */

/* Begin PBXFrameworksBuildPhase section */
		E765140C1EDEA0F800D32BF5 /* Frameworks */ = {
			isa = PBXFrameworksBuildPhase;
			buildActionMask = 2147483647;
			files = (
			);
			runOnlyForDeploymentPostprocessing = 0;
		};
/* End PBXFrameworksBuildPhase section */

/* Begin PBXGroup section */
		E76514061EDEA0F800D32BF5 = {
			isa = PBXGroup;
			children = (
				E76514111EDEA0F800D32BF5 /* 地图坐标转化 */,
				E76514101EDEA0F800D32BF5 /* Products */,
			);
			sourceTree = "<group>";
		};
		E76514101EDEA0F800D32BF5 /* Products */ = {
			isa = PBXGroup;
			children = (
				E765140F1EDEA0F800D32BF5 /* 地图坐标转化.app */,
			);
			name = Products;
			sourceTree = "<group>";
		};
		E76514111EDEA0F800D32BF5 /* 地图坐标转化 */ = {
			isa = PBXGroup;
			children = (
				E76514291EDEA10000D32BF5 /* LocationConverter.h */,
				E765142A1EDEA10000D32BF5 /* LocationConverter.m */,
				E76514151EDEA0F800D32BF5 /* AppDelegate.h */,
				E76514161EDEA0F800D32BF5 /* AppDelegate.m */,
				E76514181EDEA0F800D32BF5 /* ViewController.h */,
				E76514191EDEA0F800D32BF5 /* ViewController.m */,
				E765141B1EDEA0F900D32BF5 /* Main.storyboard */,
				E765141E1EDEA0F900D32BF5 /* Assets.xcassets */,
				E76514201EDEA0F900D32BF5 /* LaunchScreen.storyboard */,
				E76514231EDEA0F900D32BF5 /* Info.plist */,
				E76514121EDEA0F800D32BF5 /* Supporting Files */,
			);
			path = "地图坐标转化";
			sourceTree = "<group>";
		};
		E76514121EDEA0F800D32BF5 /* Supporting Files */ = {
			isa = PBXGroup;
			children = (
				E76514131EDEA0F800D32BF5 /* main.m */,
			);
			name = "Supporting Files";
			sourceTree = "<group>";
		};
/* End PBXGroup section */

/* Begin PBXNativeTarget section */
		E765140E1EDEA0F800D32BF5 /* 地图坐标转化 */ = {
			isa = PBXNativeTarget;
			buildConfigurationList = E76514261EDEA0F900D32BF5 /* Build configuration list for PBXNativeTarget "地图坐标转化" */;
			buildPhases = (
				E765140B1EDEA0F800D32BF5 /* Sources */,
				E765140C1EDEA0F800D32BF5 /* Frameworks */,
				E765140D1EDEA0F800D32BF5 /* Resources */,
			);
			buildRules = (
			);
			dependencies = (
			);
			name = "地图坐标转化";
			productName = "地图坐标转化";
			productReference = E765140F1EDEA0F800D32BF5 /* 地图坐标转化.app */;
			productType = "com.apple.product-type.application";
		};
/* End PBXNativeTarget section */

/* Begin PBXProject section */
		E76514071EDEA0F800D32BF5 /* Project object */ = {
			isa = PBXProject;
			attributes = {
				LastUpgradeCheck = 0820;
				ORGANIZATIONNAME = xpchina2003;
				TargetAttributes = {
					E765140E1EDEA0F800D32BF5 = {
						CreatedOnToolsVersion = 8.2.1;
						DevelopmentTeam = DL8J4DD62Z;
						ProvisioningStyle = Automatic;
					};
				};
			};
			buildConfigurationList = E765140A1EDEA0F800D32BF5 /* Build configuration list for PBXProject "地图坐标转化" */;
			compatibilityVersion = "Xcode 3.2";
			developmentRegion = English;
			hasScannedForEncodings = 0;
			knownRegions = (
				en,
				Base,
			);
			mainGroup = E76514061EDEA0F800D32BF5;
			productRefGroup = E76514101EDEA0F800D32BF5 /* Products */;
			projectDirPath = "";
			projectRoot = "";
			targets = (
				E765140E1EDEA0F800D32BF5 /* 地图坐标转化 */,
			);
		};
/* End PBXProject section */

/* Begin PBXResourcesBuildPhase section */
		E765140D1EDEA0F800D32BF5 /* Resources */ = {
			isa = PBXResourcesBuildPhase;
			buildActionMask = 2147483647;
			files = (
				E76514221EDEA0F900D32BF5 /* LaunchScreen.storyboard in Resources */,
				E765141F1EDEA0F900D32BF5 /* Assets.xcassets in Resources */,
				E765141D1EDEA0F900D32BF5 /* Main.storyboard in Resources */,
			);
			runOnlyForDeploymentPostprocessing = 0;
		};
/* End PBXResourcesBuildPhase section */

/* Begin PBXSourcesBuildPhase section */
		E765140B1EDEA0F800D32BF5 /* Sources */ = {
			isa = PBXSourcesBuildPhase;
			buildActionMask = 2147483647;
			files = (
				E765141A1EDEA0F800D32BF5 /* ViewController.m in Sources */,
				E76514171EDEA0F800D32BF5 /* AppDelegate.m in Sources */,
				E76514141EDEA0F800D32BF5 /* main.m in Sources */,
				E765142B1EDEA10000D32BF5 /* LocationConverter.m in Sources */,
			);
			runOnlyForDeploymentPostprocessing = 0;
		};
/* End PBXSourcesBuildPhase section */

/* Begin PBXVariantGroup section */
		E765141B1EDEA0F900D32BF5 /* Main.storyboard */ = {
			isa = PBXVariantGroup;
			children = (
				E765141C1EDEA0F900D32BF5 /* Base */,
			);
			name = Main.storyboard;
			sourceTree = "<group>";
		};
		E76514201EDEA0F900D32BF5 /* LaunchScreen.storyboard */ = {
			isa = PBXVariantGroup;
			children = (
				E76514211EDEA0F900D32BF5 /* Base */,
			);
			name = LaunchScreen.storyboard;
			sourceTree = "<group>";
		};
/* End PBXVariantGroup section */

/* Begin XCBuildConfiguration section */
		E76514241EDEA0F900D32BF5 /* Debug */ = {
			isa = XCBuildConfiguration;
			buildSettings = {
				ALWAYS_SEARCH_USER_PATHS = NO;
				CLANG_ANALYZER_NONNULL = YES;
				CLANG_CXX_LANGUAGE_STANDARD = "gnu++0x";
				CLANG_CXX_LIBRARY = "libc++";
				CLANG_ENABLE_MODULES = YES;
				CLANG_ENABLE_OBJC_ARC = YES;
				CLANG_WARN_BOOL_CONVERSION = YES;
				CLANG_WARN_CONSTANT_CONVERSION = YES;
				CLANG_WARN_DIRECT_OBJC_ISA_USAGE = YES_ERROR;
				CLANG_WARN_DOCUMENTATION_COMMENTS = YES;
				CLANG_WARN_EMPTY_BODY = YES;
				CLANG_WARN_ENUM_CONVERSION = YES;
				CLANG_WARN_INFINITE_RECURSION = YES;
				CLANG_WARN_INT_CONVERSION = YES;
				CLANG_WARN_OBJC_ROOT_CLASS = YES_ERROR;
				CLANG_WARN_SUSPICIOUS_MOVE = YES;
				CLANG_WARN_UNREACHABLE_CODE = YES;
				CLANG_WARN__DUPLICATE_METHOD_MATCH = YES;
				"CODE_SIGN_IDENTITY[sdk=iphoneos*]" = "iPhone Developer";
				COPY_PHASE_STRIP = NO;
				DEBUG_INFORMATION_FORMAT = dwarf;
				ENABLE_STRICT_OBJC_MSGSEND = YES;
				ENABLE_TESTABILITY = YES;
				GCC_C_LANGUAGE_STANDARD = gnu99;
				GCC_DYNAMIC_NO_PIC = NO;
				GCC_NO_COMMON_BLOCKS = YES;
				GCC_OPTIMIZATION_LEVEL = 0;
				GCC_PREPROCESSOR_DEFINITIONS = (
					"DEBUG=1",
					"$(inherited)",
				);
				GCC_WARN_64_TO_32_BIT_CONVERSION = YES;
				GCC_WARN_ABOUT_RETURN_TYPE = YES_ERROR;
				GCC_WARN_UNDECLARED_SELECTOR = YES;
				GCC_WARN_UNINITIALIZED_AUTOS = YES_AGGRESSIVE;
				GCC_WARN_UNUSED_FUNCTION = YES;
				GCC_WARN_UNUSED_VARIABLE = YES;
				IPHONEOS_DEPLOYMENT_TARGET = 10.2;
				MTL_ENABLE_DEBUG_INFO = YES;
				ONLY_ACTIVE_ARCH = YES;
				SDKROOT = iphoneos;
				TARGETED_DEVICE_FAMILY = "1,2";
			};
			name = Debug;
		};
		E76514251EDEA0F900D32BF5 /* Release */ = {
			isa = XCBuildConfiguration;
			buildSettings = {
				ALWAYS_SEARCH_USER_PATHS = NO;
				CLANG_ANALYZER_NONNULL = YES;
				CLANG_CXX_LANGUAGE_STANDARD = "gnu++0x";
				CLANG_CXX_LIBRARY = "libc++";
				CLANG_ENABLE_MODULES = YES;
				CLANG_ENABLE_OBJC_ARC = YES;
				CLANG_WARN_BOOL_CONVERSION = YES;
				CLANG_WARN_CONSTANT_CONVERSION = YES;
				CLANG_WARN_DIRECT_OBJC_ISA_USAGE = YES_ERROR;
				CLANG_WARN_DOCUMENTATION_COMMENTS = YES;
				CLANG_WARN_EMPTY_BODY = YES;
				CLANG_WARN_ENUM_CONVERSION = YES;
				CLANG_WARN_INFINITE_RECURSION = YES;
				CLANG_WARN_INT_CONVERSION = YES;
				CLANG_WARN_OBJC_ROOT_CLASS = YES_ERROR;
				CLANG_WARN_SUSPICIOUS_MOVE = YES;
				CLANG_WARN_UNREACHABLE_CODE = YES;
				CLANG_WARN__DUPLICATE_METHOD_MATCH = YES;
				"CODE_SIGN_IDENTITY[sdk=iphoneos*]" = "iPhone Developer";
				COPY_PHASE_STRIP = NO;
				DEBUG_INFORMATION_FORMAT = "dwarf-with-dsym";
				ENABLE_NS_ASSERTIONS = NO;
				ENABLE_STRICT_OBJC_MSGSEND = YES;
				GCC_C_LANGUAGE_STANDARD = gnu99;
				GCC_NO_COMMON_BLOCKS = YES;
				GCC_WARN_64_TO_32_BIT_CONVERSION = YES;
				GCC_WARN_ABOUT_RETURN_TYPE = YES_ERROR;
				GCC_WARN_UNDECLARED_SELECTOR = YES;
				GCC_WARN_UNINITIALIZED_AUTOS = YES_AGGRESSIVE;
				GCC_WARN_UNUSED_FUNCTION = YES;
				GCC_WARN_UNUSED_VARIABLE = YES;
				IPHONEOS_DEPLOYMENT_TARGET = 10.2;
				MTL_ENABLE_DEBUG_INFO = NO;
				SDKROOT = iphoneos;
				TARGETED_DEVICE_FAMILY = "1,2";
				VALIDATE_PRODUCT = YES;
			};
			name = Release;
		};
		E76514271EDEA0F900D32BF5 /* Debug */ = {
			isa = XCBuildConfiguration;
			buildSettings = {
				ASSETCATALOG_COMPILER_APPICON_NAME = AppIcon;
				DEVELOPMENT_TEAM = DL8J4DD62Z;
				INFOPLIST_FILE = "地图坐标转化/Info.plist";
				LD_RUNPATH_SEARCH_PATHS = "$(inherited) @executable_path/Frameworks";
				PRODUCT_BUNDLE_IDENTIFIER = "Grain.------";
				PRODUCT_NAME = "$(TARGET_NAME)";
			};
			name = Debug;
		};
		E76514281EDEA0F900D32BF5 /* Release */ = {
			isa = XCBuildConfiguration;
			buildSettings = {
				ASSETCATALOG_COMPILER_APPICON_NAME = AppIcon;
				DEVELOPMENT_TEAM = DL8J4DD62Z;
				INFOPLIST_FILE = "地图坐标转化/Info.plist";
				LD_RUNPATH_SEARCH_PATHS = "$(inherited) @executable_path/Frameworks";
				PRODUCT_BUNDLE_IDENTIFIER = "Grain.------";
				PRODUCT_NAME = "$(TARGET_NAME)";
			};
			name = Release;
		};
/* End XCBuildConfiguration section */

/* Begin XCConfigurationList section */
		E765140A1EDEA0F800D32BF5 /* Build configuration list for PBXProject "地图坐标转化" */ = {
			isa = XCConfigurationList;
			buildConfigurations = (
				E76514241EDEA0F900D32BF5 /* Debug */,
				E76514251EDEA0F900D32BF5 /* Release */,
			);
			defaultConfigurationIsVisible = 0;
			defaultConfigurationName = Release;
		};
		E76514261EDEA0F900D32BF5 /* Build configuration list for PBXNativeTarget "地图坐标转化" */ = {
			isa = XCConfigurationList;
			buildConfigurations = (
				E76514271EDEA0F900D32BF5 /* Debug */,
				E76514281EDEA0F900D32BF5 /* Release */,
			);
			defaultConfigurationIsVisible = 0;
		};
/* End XCConfigurationList section */
	};
	rootObject = E76514071EDEA0F800D32BF5 /* Project object */;
}
